
Microsoft Visual Studio Solution File, Format Version 12.00
# Visual Studio Version 17
VisualStudioVersion = 17.6.33723.286
MinimumVisualStudioVersion = 10.0.40219.1
Project("{FAE04EC0-301F-11D3-BF4B-00C04F79EFBC}") = "FilmesApi", "FilmesApi\FilmesApi.csproj", "{F75BF6B2-4B8E-4B49-847F-504F1498D833}"
EndProject
Global
	GlobalSection(SolutionConfigurationPlatforms) = preSolution
		Debug|Any CPU = Debug|Any CPU
		Release|Any CPU = Release|Any CPU
	EndGlobalSection
	GlobalSection(ProjectConfigurationPlatforms) = postSolution
		{F75BF6B2-4B8E-4B49-847F-504F1498D833}.Debug|Any CPU.ActiveCfg = Debug|Any CPU
		{F75BF6B2-4B8E-4B49-847F-504F1498D833}.Debug|Any CPU.Build.0 = Debug|Any CPU
		{F75BF6B2-4B8E-4B49-847F-504F1498D833}.Release|Any CPU.ActiveCfg = Release|Any CPU
		{F75BF6B2-4B8E-4B49-847F-504F1498D833}.Release|Any CPU.Build.0 = Release|Any CPU
	EndGlobalSection
	GlobalSection(SolutionProperties) = preSolution
		HideSolutionNode = FALSE
	EndGlobalSection
	GlobalSection(ExtensibilityGlobals) = postSolution
		SolutionGuid = {DC39F335-5D29-4BE4-8C55-2F561851CF92}
	EndGlobalSection
EndGlobal
